
Microsoft Visual Studio Solution File, Format Version 12.00
# Visual Studio Version 17
VisualStudioVersion = 17.12.35707.178 d17.12
MinimumVisualStudioVersion = 10.0.40219.1
Project("{FAE04EC0-301F-11D3-BF4B-00C04F79EFBC}") = "AgendaContatos", "AgendaContatos\AgendaContatos.csproj", "{55ACA9F9-9C5D-4A38-941F-1EED3D7D6FAE}"
EndProject
Global
	GlobalSection(SolutionConfigurationPlatforms) = preSolution
		Debug|Any CPU = Debug|Any CPU
		Release|Any CPU = Release|Any CPU
	EndGlobalSection
	GlobalSection(ProjectConfigurationPlatforms) = postSolution
		{55ACA9F9-9C5D-4A38-941F-1EED3D7D6FAE}.Debug|Any CPU.ActiveCfg = Debug|Any CPU
		{55ACA9F9-9C5D-4A38-941F-1EED3D7D6FAE}.Debug|Any CPU.Build.0 = Debug|Any CPU
		{55ACA9F9-9C5D-4A38-941F-1EED3D7D6FAE}.Release|Any CPU.ActiveCfg = Release|Any CPU
		{55ACA9F9-9C5D-4A38-941F-1EED3D7D6FAE}.Release|Any CPU.Build.0 = Release|Any CPU
	EndGlobalSection
	GlobalSection(SolutionProperties) = preSolution
		HideSolutionNode = FALSE
	EndGlobalSection
EndGlobal
